
Microsoft Visual Studio Solution File, Format Version 12.00
# Visual Studio Version 17
VisualStudioVersion = 17.0.31903.59
MinimumVisualStudioVersion = 10.0.40219.1
Project("{2150E333-8FDC-42A3-9474-1A3956D46DE8}") = "src", "src", "{2438166F-F869-4440-91EC-B4686E9E7C00}"
EndProject
Project("{FAE04EC0-301F-11D3-BF4B-00C04F79EFBC}") = "Garnet.Standard.ExternalService", "src\Garnet.Standard.ExternalService\Garnet.Standard.ExternalService.csproj", "{8B0C5682-5DA5-4E08-88AE-6BCED605EA21}"
EndProject
Project("{FAE04EC0-301F-11D3-BF4B-00C04F79EFBC}") = "Garnet.Detail.ExternalService.Rest", "src\Garnet.Detail.ExternalService.Rest\Garnet.Detail.ExternalService.Rest.csproj", "{EDBE6B91-04ED-4946-BF02-B0311B3F7C33}"
EndProject
Global
	GlobalSection(SolutionConfigurationPlatforms) = preSolution
		Debug|Any CPU = Debug|Any CPU
		Release|Any CPU = Release|Any CPU
	EndGlobalSection
	GlobalSection(SolutionProperties) = preSolution
		HideSolutionNode = FALSE
	EndGlobalSection
	GlobalSection(ProjectConfigurationPlatforms) = postSolution
		{8B0C5682-5DA5-4E08-88AE-6BCED605EA21}.Debug|Any CPU.ActiveCfg = Debug|Any CPU
		{8B0C5682-5DA5-4E08-88AE-6BCED605EA21}.Debug|Any CPU.Build.0 = Debug|Any CPU
		{8B0C5682-5DA5-4E08-88AE-6BCED605EA21}.Release|Any CPU.ActiveCfg = Release|Any CPU
		{8B0C5682-5DA5-4E08-88AE-6BCED605EA21}.Release|Any CPU.Build.0 = Release|Any CPU
		{EDBE6B91-04ED-4946-BF02-B0311B3F7C33}.Debug|Any CPU.ActiveCfg = Debug|Any CPU
		{EDBE6B91-04ED-4946-BF02-B0311B3F7C33}.Debug|Any CPU.Build.0 = Debug|Any CPU
		{EDBE6B91-04ED-4946-BF02-B0311B3F7C33}.Release|Any CPU.ActiveCfg = Release|Any CPU
		{EDBE6B91-04ED-4946-BF02-B0311B3F7C33}.Release|Any CPU.Build.0 = Release|Any CPU
	EndGlobalSection
	GlobalSection(NestedProjects) = preSolution
		{8B0C5682-5DA5-4E08-88AE-6BCED605EA21} = {2438166F-F869-4440-91EC-B4686E9E7C00}
		{EDBE6B91-04ED-4946-BF02-B0311B3F7C33} = {2438166F-F869-4440-91EC-B4686E9E7C00}
	EndGlobalSection
EndGlobal
